{
  "name": "turva-llms-txt-validator",
  "version": "0.3.11",
  "lockfileVersion": 3,
  "requires": true,
  "packages": {
    "": {
      "name": "turva-llms-txt-validator",
      "version": "0.3.11",
      "license": "MIT",
      "bin": {
        "llms-txt-validate": "bin/cli.mjs"
      },
      "engines": {
        "node": ">=22"
      }
    }
  }
}
